
Microsoft Visual Studio Solution File, Format Version 12.00
# Visual Studio Version 17
VisualStudioVersion = 17.7.34031.279
MinimumVisualStudioVersion = 10.0.40219.1
Project("{FAE04EC0-301F-11D3-BF4B-00C04F79EFBC}") = "knopka", "knopka\knopka.csproj", "{FFDFDF2B-7CCB-4EF1-9932-EDDEB0B1AD58}"
EndProject
Global
	GlobalSection(SolutionConfigurationPlatforms) = preSolution
		Debug|Any CPU = Debug|Any CPU
		Release|Any CPU = Release|Any CPU
	EndGlobalSection
	GlobalSection(ProjectConfigurationPlatforms) = postSolution
		{FFDFDF2B-7CCB-4EF1-9932-EDDEB0B1AD58}.Debug|Any CPU.ActiveCfg = Debug|Any CPU
		{FFDFDF2B-7CCB-4EF1-9932-EDDEB0B1AD58}.Debug|Any CPU.Build.0 = Debug|Any CPU
		{FFDFDF2B-7CCB-4EF1-9932-EDDEB0B1AD58}.Release|Any CPU.ActiveCfg = Release|Any CPU
		{FFDFDF2B-7CCB-4EF1-9932-EDDEB0B1AD58}.Release|Any CPU.Build.0 = Release|Any CPU
	EndGlobalSection
	GlobalSection(SolutionProperties) = preSolution
		HideSolutionNode = FALSE
	EndGlobalSection
	GlobalSection(ExtensibilityGlobals) = postSolution
		SolutionGuid = {9BDCC6D5-7947-4537-B7E1-E08E84F2E984}
	EndGlobalSection
EndGlobal
